
Microsoft Visual Studio Solution File, Format Version 12.00
# Visual Studio Version 17
VisualStudioVersion = 17.3.32901.215
MinimumVisualStudioVersion = 10.0.40219.1
Project("{FAE04EC0-301F-11D3-BF4B-00C04F79EFBC}") = "Mohajjel.MeetingSystem.Api", "Mohajjel.MeetingSystem.Api\Mohajjel.MeetingSystem.Api.csproj", "{86CF3C94-B33C-4002-854A-7A2F00E5FBC3}"
EndProject
Project("{FAE04EC0-301F-11D3-BF4B-00C04F79EFBC}") = "Mohajjel.MeetingSystem.Client", "Mohajjel.MeetingSystem.Client\Mohajjel.MeetingSystem.Client.csproj", "{EDC34EA5-D80A-4957-9E60-5DD6C578DBFE}"
EndProject
Project("{FAE04EC0-301F-11D3-BF4B-00C04F79EFBC}") = "Mohajjel.MeetingSystem.Shared", "Mohajjel.MeetingSystem.Shared\Mohajjel.MeetingSystem.Shared.csproj", "{92EBBF94-2072-4240-96F1-5219F814C8CC}"
EndProject
Global
	GlobalSection(SolutionConfigurationPlatforms) = preSolution
		Debug|Any CPU = Debug|Any CPU
		Release|Any CPU = Release|Any CPU
	EndGlobalSection
	GlobalSection(ProjectConfigurationPlatforms) = postSolution
		{86CF3C94-B33C-4002-854A-7A2F00E5FBC3}.Debug|Any CPU.ActiveCfg = Debug|Any CPU
		{86CF3C94-B33C-4002-854A-7A2F00E5FBC3}.Debug|Any CPU.Build.0 = Debug|Any CPU
		{86CF3C94-B33C-4002-854A-7A2F00E5FBC3}.Release|Any CPU.ActiveCfg = Release|Any CPU
		{86CF3C94-B33C-4002-854A-7A2F00E5FBC3}.Release|Any CPU.Build.0 = Release|Any CPU
		{EDC34EA5-D80A-4957-9E60-5DD6C578DBFE}.Debug|Any CPU.ActiveCfg = Debug|Any CPU
		{EDC34EA5-D80A-4957-9E60-5DD6C578DBFE}.Debug|Any CPU.Build.0 = Debug|Any CPU
		{EDC34EA5-D80A-4957-9E60-5DD6C578DBFE}.Release|Any CPU.ActiveCfg = Release|Any CPU
		{EDC34EA5-D80A-4957-9E60-5DD6C578DBFE}.Release|Any CPU.Build.0 = Release|Any CPU
		{92EBBF94-2072-4240-96F1-5219F814C8CC}.Debug|Any CPU.ActiveCfg = Debug|Any CPU
		{92EBBF94-2072-4240-96F1-5219F814C8CC}.Debug|Any CPU.Build.0 = Debug|Any CPU
		{92EBBF94-2072-4240-96F1-5219F814C8CC}.Release|Any CPU.ActiveCfg = Release|Any CPU
		{92EBBF94-2072-4240-96F1-5219F814C8CC}.Release|Any CPU.Build.0 = Release|Any CPU
	EndGlobalSection
	GlobalSection(SolutionProperties) = preSolution
		HideSolutionNode = FALSE
	EndGlobalSection
	GlobalSection(ExtensibilityGlobals) = postSolution
		SolutionGuid = {363394DB-7D31-4EF3-9DCC-7B20EFC54F6C}
	EndGlobalSection
EndGlobal
